
Microsoft Visual Studio Solution File, Format Version 12.00
# Visual Studio Version 16
VisualStudioVersion = 16.0.31424.327
MinimumVisualStudioVersion = 10.0.40219.1
Project("{FAE04EC0-301F-11D3-BF4B-00C04F79EFBC}") = "PokemonTrainer", "Pokemon\PokemonTrainer.csproj", "{E670C541-DFC0-4C9C-A113-54506A57F50C}"
EndProject
Global
	GlobalSection(SolutionConfigurationPlatforms) = preSolution
		Debug|Any CPU = Debug|Any CPU
		Release|Any CPU = Release|Any CPU
	EndGlobalSection
	GlobalSection(ProjectConfigurationPlatforms) = postSolution
		{E670C541-DFC0-4C9C-A113-54506A57F50C}.Debug|Any CPU.ActiveCfg = Debug|Any CPU
		{E670C541-DFC0-4C9C-A113-54506A57F50C}.Debug|Any CPU.Build.0 = Debug|Any CPU
		{E670C541-DFC0-4C9C-A113-54506A57F50C}.Release|Any CPU.ActiveCfg = Release|Any CPU
		{E670C541-DFC0-4C9C-A113-54506A57F50C}.Release|Any CPU.Build.0 = Release|Any CPU
	EndGlobalSection
	GlobalSection(SolutionProperties) = preSolution
		HideSolutionNode = FALSE
	EndGlobalSection
	GlobalSection(ExtensibilityGlobals) = postSolution
		SolutionGuid = {B8C10CE5-A381-47FB-85A9-1E4FE44A7143}
	EndGlobalSection
EndGlobal
